
Microsoft Visual Studio Solution File, Format Version 12.00
# Visual Studio Version 17
VisualStudioVersion = 17.14.36414.22
MinimumVisualStudioVersion = 10.0.40219.1
Project("{FAE04EC0-301F-11D3-BF4B-00C04F79EFBC}") = "Donaldson-Mottors", "Donaldson-Mottors\Donaldson-Mottors.csproj", "{A670A3BE-96B1-438C-B93A-8C4385C08149}"
EndProject
Global
	GlobalSection(SolutionConfigurationPlatforms) = preSolution
		Debug|Any CPU = Debug|Any CPU
		Release|Any CPU = Release|Any CPU
	EndGlobalSection
	GlobalSection(ProjectConfigurationPlatforms) = postSolution
		{A670A3BE-96B1-438C-B93A-8C4385C08149}.Debug|Any CPU.ActiveCfg = Debug|Any CPU
		{A670A3BE-96B1-438C-B93A-8C4385C08149}.Debug|Any CPU.Build.0 = Debug|Any CPU
		{A670A3BE-96B1-438C-B93A-8C4385C08149}.Release|Any CPU.ActiveCfg = Release|Any CPU
		{A670A3BE-96B1-438C-B93A-8C4385C08149}.Release|Any CPU.Build.0 = Release|Any CPU
	EndGlobalSection
	GlobalSection(SolutionProperties) = preSolution
		HideSolutionNode = FALSE
	EndGlobalSection
	GlobalSection(ExtensibilityGlobals) = postSolution
		SolutionGuid = {8A9B4BCA-8E4D-4586-A7AB-C0025D1594E3}
	EndGlobalSection
EndGlobal
